// !$*UTF8*$!
{
	archiveVersion = 1;
	classes = {
	};
	objectVersion = 46;
	objects = {

/* Begin PBXBuildFile section */
		420482531668CF7000C5FF65 /* battery_indicator.png in Resources */ = {isa = PBXBuildFile; fileRef = 4204824F1668CF7000C5FF65 /* battery_indicator.png */; };
		420482541668CF7000C5FF65 /* LH_ServerNamesViewController.m in Sources */ = {isa = PBXBuildFile; fileRef = 420482511668CF7000C5FF65 /* LH_ServerNamesViewController.m */; };
		420482551668CF7000C5FF65 /* MySettings.plist in Resources */ = {isa = PBXBuildFile; fileRef = 420482521668CF7000C5FF65 /* MySettings.plist */; };
		420482591668E9FA00C5FF65 /* warning.png in Resources */ = {isa = PBXBuildFile; fileRef = 420482571668E9FA00C5FF65 /* warning.png */; };
		4204825A1668E9FA00C5FF65 /* warning@2x.png in Resources */ = {isa = PBXBuildFile; fileRef = 420482581668E9FA00C5FF65 /* warning@2x.png */; };
		420482611668EB5600C5FF65 /* ekg.png in Resources */ = {isa = PBXBuildFile; fileRef = 4204825F1668EB5600C5FF65 /* ekg.png */; };
		420482621668EB5600C5FF65 /* ekg@2x.png in Resources */ = {isa = PBXBuildFile; fileRef = 420482601668EB5600C5FF65 /* ekg@2x.png */; };
		4243B8881667BF7E00190FED /* LH_Settings_ViewController.m in Sources */ = {isa = PBXBuildFile; fileRef = 4243B8871667BF7E00190FED /* LH_Settings_ViewController.m */; };
		4243B88C1667BFAE00190FED /* LH_Status_ViewController.m in Sources */ = {isa = PBXBuildFile; fileRef = 4243B88B1667BFAE00190FED /* LH_Status_ViewController.m */; };
		4243B8A31667C52D00190FED /* libUnittWebSocketClient.a in Frameworks */ = {isa = PBXBuildFile; fileRef = 4243B8A21667C52D00190FED /* libUnittWebSocketClient.a */; };
		4243B8A51667C56E00190FED /* CFNetwork.framework in Frameworks */ = {isa = PBXBuildFile; fileRef = 4243B8A41667C56E00190FED /* CFNetwork.framework */; };
		4243B8A71667C57300190FED /* Security.framework in Frameworks */ = {isa = PBXBuildFile; fileRef = 4243B8A61667C57300190FED /* Security.framework */; };
		4243B8A91667C5B100190FED /* QuartzCore.framework in Frameworks */ = {isa = PBXBuildFile; fileRef = 4243B8A81667C5B100190FED /* QuartzCore.framework */; };
		4243B8AC1667C69A00190FED /* connection.png in Resources */ = {isa = PBXBuildFile; fileRef = 4243B8AA1667C69A00190FED /* connection.png */; };
		4243B8AD1667C69A00190FED /* connection@2x.png in Resources */ = {isa = PBXBuildFile; fileRef = 4243B8AB1667C69A00190FED /* connection@2x.png */; };
		4243B8B61667C78A00190FED /* controller.png in Resources */ = {isa = PBXBuildFile; fileRef = 4243B8B41667C78A00190FED /* controller.png */; };
		4243B8B71667C78A00190FED /* controller@2x.png in Resources */ = {isa = PBXBuildFile; fileRef = 4243B8B51667C78A00190FED /* controller@2x.png */; };
		4243B8BA1667C7A700190FED /* gear2.png in Resources */ = {isa = PBXBuildFile; fileRef = 4243B8B81667C7A700190FED /* gear2.png */; };
		4243B8BB1667C7A700190FED /* gear2@2x.png in Resources */ = {isa = PBXBuildFile; fileRef = 4243B8B91667C7A700190FED /* gear2@2x.png */; };
		4281F54B1667FD5B0089D103 /* icon_goldborder_57px.png in Resources */ = {isa = PBXBuildFile; fileRef = 4281F54A1667FD5B0089D103 /* icon_goldborder_57px.png */; };
		4281F54D1667FD670089D103 /* icon_goldborder_114px.png in Resources */ = {isa = PBXBuildFile; fileRef = 4281F54C1667FD670089D103 /* icon_goldborder_114px.png */; };
		E15B29AF1667BA9700E636E9 /* UIKit.framework in Frameworks */ = {isa = PBXBuildFile; fileRef = E15B29AE1667BA9700E636E9 /* UIKit.framework */; };
		E15B29B11667BA9700E636E9 /* Foundation.framework in Frameworks */ = {isa = PBXBuildFile; fileRef = E15B29B01667BA9700E636E9 /* Foundation.framework */; };
		E15B29B31667BA9700E636E9 /* CoreGraphics.framework in Frameworks */ = {isa = PBXBuildFile; fileRef = E15B29B21667BA9700E636E9 /* CoreGraphics.framework */; };
		E15B29B91667BA9700E636E9 /* InfoPlist.strings in Resources */ = {isa = PBXBuildFile; fileRef = E15B29B71667BA9700E636E9 /* InfoPlist.strings */; };
		E15B29BB1667BA9700E636E9 /* main.m in Sources */ = {isa = PBXBuildFile; fileRef = E15B29BA1667BA9700E636E9 /* main.m */; };
		E15B29BF1667BA9700E636E9 /* LH_AppDelegate.m in Sources */ = {isa = PBXBuildFile; fileRef = E15B29BE1667BA9700E636E9 /* LH_AppDelegate.m */; };
		E15B29C11667BA9700E636E9 /* Default.png in Resources */ = {isa = PBXBuildFile; fileRef = E15B29C01667BA9700E636E9 /* Default.png */; };
		E15B29C31667BA9700E636E9 /* Default@2x.png in Resources */ = {isa = PBXBuildFile; fileRef = E15B29C21667BA9700E636E9 /* Default@2x.png */; };
		E15B29C51667BA9700E636E9 /* Default-568h@2x.png in Resources */ = {isa = PBXBuildFile; fileRef = E15B29C41667BA9700E636E9 /* Default-568h@2x.png */; };
		E15B29C81667BA9700E636E9 /* MainStoryboard_iPhone.storyboard in Resources */ = {isa = PBXBuildFile; fileRef = E15B29C61667BA9700E636E9 /* MainStoryboard_iPhone.storyboard */; };
		E15B29CB1667BA9700E636E9 /* MainStoryboard_iPad.storyboard in Resources */ = {isa = PBXBuildFile; fileRef = E15B29C91667BA9700E636E9 /* MainStoryboard_iPad.storyboard */; };
		E15B29CE1667BA9700E636E9 /* LH_Joystick_ViewController.m in Sources */ = {isa = PBXBuildFile; fileRef = E15B29CD1667BA9700E636E9 /* LH_Joystick_ViewController.m */; };
		E15B29D01667BA9700E636E9 /* first.png in Resources */ = {isa = PBXBuildFile; fileRef = E15B29CF1667BA9700E636E9 /* first.png */; };
		E15B29D21667BA9700E636E9 /* first@2x.png in Resources */ = {isa = PBXBuildFile; fileRef = E15B29D11667BA9700E636E9 /* first@2x.png */; };
		E15B29D51667BA9700E636E9 /* LH_Connection_ViewController.m in Sources */ = {isa = PBXBuildFile; fileRef = E15B29D41667BA9700E636E9 /* LH_Connection_ViewController.m */; };
		E15B29D71667BA9700E636E9 /* second.png in Resources */ = {isa = PBXBuildFile; fileRef = E15B29D61667BA9700E636E9 /* second.png */; };
		E15B29D91667BA9700E636E9 /* second@2x.png in Resources */ = {isa = PBXBuildFile; fileRef = E15B29D81667BA9700E636E9 /* second@2x.png */; };
		E180A8F21668071C005DDD68 /* arrows_4.png in Resources */ = {isa = PBXBuildFile; fileRef = E180A8F11668071C005DDD68 /* arrows_4.png */; };
		E180A8F4166808EB005DDD68 /* ball.png in Resources */ = {isa = PBXBuildFile; fileRef = E180A8F3166808EB005DDD68 /* ball.png */; };
		E1C81AC81669528D0024AA02 /* LH_Rosbridge.m in Sources */ = {isa = PBXBuildFile; fileRef = E1C81AC71669528D0024AA02 /* LH_Rosbridge.m */; };
		E1E0A2881667FB16009B66F1 /* LH_WebSocket.m in Sources */ = {isa = PBXBuildFile; fileRef = E1E0A2871667FB16009B66F1 /* LH_WebSocket.m */; };
/* End PBXBuildFile section */

/* Begin PBXFileReference section */
		4204824F1668CF7000C5FF65 /* battery_indicator.png */ = {isa = PBXFileReference; lastKnownFileType = image.png; path = battery_indicator.png; sourceTree = "<group>"; };
		420482501668CF7000C5FF65 /* LH_ServerNamesViewController.h */ = {isa = PBXFileReference; fileEncoding = 4; lastKnownFileType = sourcecode.c.h; path = LH_ServerNamesViewController.h; sourceTree = "<group>"; };
		420482511668CF7000C5FF65 /* LH_ServerNamesViewController.m */ = {isa = PBXFileReference; fileEncoding = 4; lastKnownFileType = sourcecode.c.objc; path = LH_ServerNamesViewController.m; sourceTree = "<group>"; };
		420482521668CF7000C5FF65 /* MySettings.plist */ = {isa = PBXFileReference; fileEncoding = 4; lastKnownFileType = text.plist.xml; path = MySettings.plist; sourceTree = "<group>"; };
		420482571668E9FA00C5FF65 /* warning.png */ = {isa = PBXFileReference; lastKnownFileType = image.png; path = warning.png; sourceTree = "<group>"; };
		420482581668E9FA00C5FF65 /* warning@2x.png */ = {isa = PBXFileReference; lastKnownFileType = image.png; path = "warning@2x.png"; sourceTree = "<group>"; };
		4204825F1668EB5600C5FF65 /* ekg.png */ = {isa = PBXFileReference; lastKnownFileType = image.png; path = ekg.png; sourceTree = "<group>"; };
		420482601668EB5600C5FF65 /* ekg@2x.png */ = {isa = PBXFileReference; lastKnownFileType = image.png; path = "ekg@2x.png"; sourceTree = "<group>"; };
		4243B8861667BF7E00190FED /* LH_Settings_ViewController.h */ = {isa = PBXFileReference; fileEncoding = 4; lastKnownFileType = sourcecode.c.h; path = LH_Settings_ViewController.h; sourceTree = "<group>"; };
		4243B8871667BF7E00190FED /* LH_Settings_ViewController.m */ = {isa = PBXFileReference; fileEncoding = 4; lastKnownFileType = sourcecode.c.objc; path = LH_Settings_ViewController.m; sourceTree = "<group>"; };
		4243B88A1667BFAD00190FED /* LH_Status_ViewController.h */ = {isa = PBXFileReference; fileEncoding = 4; lastKnownFileType = sourcecode.c.h; path = LH_Status_ViewController.h; sourceTree = "<group>"; };
		4243B88B1667BFAE00190FED /* LH_Status_ViewController.m */ = {isa = PBXFileReference; fileEncoding = 4; lastKnownFileType = sourcecode.c.objc; path = LH_Status_ViewController.m; sourceTree = "<group>"; };
		4243B8951667C52D00190FED /* AsyncSocket.h */ = {isa = PBXFileReference; fileEncoding = 4; lastKnownFileType = sourcecode.c.h; path = AsyncSocket.h; sourceTree = "<group>"; };
		4243B8961667C52D00190FED /* GCDAsyncSocket.h */ = {isa = PBXFileReference; fileEncoding = 4; lastKnownFileType = sourcecode.c.h; path = GCDAsyncSocket.h; sourceTree = "<group>"; };
		4243B8971667C52D00190FED /* HandshakeHeader.h */ = {isa = PBXFileReference; fileEncoding = 4; lastKnownFileType = sourcecode.c.h; path = HandshakeHeader.h; sourceTree = "<group>"; };
		4243B8981667C52D00190FED /* MutableQueue.h */ = {isa = PBXFileReference; fileEncoding = 4; lastKnownFileType = sourcecode.c.h; path = MutableQueue.h; sourceTree = "<group>"; };
		4243B8991667C52D00190FED /* NSData+Base64.h */ = {isa = PBXFileReference; fileEncoding = 4; lastKnownFileType = sourcecode.c.h; path = "NSData+Base64.h"; sourceTree = "<group>"; };
		4243B89A1667C52D00190FED /* WebSocket.h */ = {isa = PBXFileReference; fileEncoding = 4; lastKnownFileType = sourcecode.c.h; path = WebSocket.h; sourceTree = "<group>"; };
		4243B89B1667C52D00190FED /* WebSocket00.h */ = {isa = PBXFileReference; fileEncoding = 4; lastKnownFileType = sourcecode.c.h; path = WebSocket00.h; sourceTree = "<group>"; };
		4243B89C1667C52D00190FED /* WebSocket07.h */ = {isa = PBXFileReference; fileEncoding = 4; lastKnownFileType = sourcecode.c.h; path = WebSocket07.h; sourceTree = "<group>"; };
		4243B89D1667C52D00190FED /* WebSocket08.h */ = {isa = PBXFileReference; fileEncoding = 4; lastKnownFileType = sourcecode.c.h; path = WebSocket08.h; sourceTree = "<group>"; };
		4243B89E1667C52D00190FED /* WebSocket10.h */ = {isa = PBXFileReference; fileEncoding = 4; lastKnownFileType = sourcecode.c.h; path = WebSocket10.h; sourceTree = "<group>"; };
		4243B89F1667C52D00190FED /* WebSocketConnectConfig.h */ = {isa = PBXFileReference; fileEncoding = 4; lastKnownFileType = sourcecode.c.h; path = WebSocketConnectConfig.h; sourceTree = "<group>"; };
		4243B8A01667C52D00190FED /* WebSocketFragment.h */ = {isa = PBXFileReference; fileEncoding = 4; lastKnownFileType = sourcecode.c.h; path = WebSocketFragment.h; sourceTree = "<group>"; };
		4243B8A11667C52D00190FED /* WebSocketMessage.h */ = {isa = PBXFileReference; fileEncoding = 4; lastKnownFileType = sourcecode.c.h; path = WebSocketMessage.h; sourceTree = "<group>"; };
		4243B8A21667C52D00190FED /* libUnittWebSocketClient.a */ = {isa = PBXFileReference; lastKnownFileType = archive.ar; path = libUnittWebSocketClient.a; sourceTree = "<group>"; };
		4243B8A41667C56E00190FED /* CFNetwork.framework */ = {isa = PBXFileReference; lastKnownFileType = wrapper.framework; name = CFNetwork.framework; path = System/Library/Frameworks/CFNetwork.framework; sourceTree = SDKROOT; };
		4243B8A61667C57300190FED /* Security.framework */ = {isa = PBXFileReference; lastKnownFileType = wrapper.framework; name = Security.framework; path = System/Library/Frameworks/Security.framework; sourceTree = SDKROOT; };
		4243B8A81667C5B100190FED /* QuartzCore.framework */ = {isa = PBXFileReference; lastKnownFileType = wrapper.framework; name = QuartzCore.framework; path = System/Library/Frameworks/QuartzCore.framework; sourceTree = SDKROOT; };
		4243B8AA1667C69A00190FED /* connection.png */ = {isa = PBXFileReference; lastKnownFileType = image.png; path = connection.png; sourceTree = "<group>"; };
		4243B8AB1667C69A00190FED /* connection@2x.png */ = {isa = PBXFileReference; lastKnownFileType = image.png; path = "connection@2x.png"; sourceTree = "<group>"; };
		4243B8B41667C78A00190FED /* controller.png */ = {isa = PBXFileReference; lastKnownFileType = image.png; path = controller.png; sourceTree = "<group>"; };
		4243B8B51667C78A00190FED /* controller@2x.png */ = {isa = PBXFileReference; lastKnownFileType = image.png; path = "controller@2x.png"; sourceTree = "<group>"; };
		4243B8B81667C7A700190FED /* gear2.png */ = {isa = PBXFileReference; lastKnownFileType = image.png; path = gear2.png; sourceTree = "<group>"; };
		4243B8B91667C7A700190FED /* gear2@2x.png */ = {isa = PBXFileReference; lastKnownFileType = image.png; path = "gear2@2x.png"; sourceTree = "<group>"; };
		4281F54A1667FD5B0089D103 /* icon_goldborder_57px.png */ = {isa = PBXFileReference; lastKnownFileType = image.png; path = icon_goldborder_57px.png; sourceTree = "<group>"; };
		4281F54C1667FD670089D103 /* icon_goldborder_114px.png */ = {isa = PBXFileReference; lastKnownFileType = image.png; path = icon_goldborder_114px.png; sourceTree = "<group>"; };
		E15B29AA1667BA9700E636E9 /* LH Remote.app */ = {isa = PBXFileReference; explicitFileType = wrapper.application; includeInIndex = 0; path = "LH Remote.app"; sourceTree = BUILT_PRODUCTS_DIR; };
		E15B29AE1667BA9700E636E9 /* UIKit.framework */ = {isa = PBXFileReference; lastKnownFileType = wrapper.framework; name = UIKit.framework; path = System/Library/Frameworks/UIKit.framework; sourceTree = SDKROOT; };
		E15B29B01667BA9700E636E9 /* Foundation.framework */ = {isa = PBXFileReference; lastKnownFileType = wrapper.framework; name = Foundation.framework; path = System/Library/Frameworks/Foundation.framework; sourceTree = SDKROOT; };
		E15B29B21667BA9700E636E9 /* CoreGraphics.framework */ = {isa = PBXFileReference; lastKnownFileType = wrapper.framework; name = CoreGraphics.framework; path = System/Library/Frameworks/CoreGraphics.framework; sourceTree = SDKROOT; };
		E15B29B61667BA9700E636E9 /* LH Remote-Info.plist */ = {isa = PBXFileReference; lastKnownFileType = text.plist.xml; path = "LH Remote-Info.plist"; sourceTree = "<group>"; };
		E15B29B81667BA9700E636E9 /* en */ = {isa = PBXFileReference; lastKnownFileType = text.plist.strings; name = en; path = en.lproj/InfoPlist.strings; sourceTree = "<group>"; };
		E15B29BA1667BA9700E636E9 /* main.m */ = {isa = PBXFileReference; lastKnownFileType = sourcecode.c.objc; path = main.m; sourceTree = "<group>"; };
		E15B29BC1667BA9700E636E9 /* LH Remote-Prefix.pch */ = {isa = PBXFileReference; lastKnownFileType = sourcecode.c.h; path = "LH Remote-Prefix.pch"; sourceTree = "<group>"; };
		E15B29BD1667BA9700E636E9 /* LH_AppDelegate.h */ = {isa = PBXFileReference; lastKnownFileType = sourcecode.c.h; path = LH_AppDelegate.h; sourceTree = "<group>"; };
		E15B29BE1667BA9700E636E9 /* LH_AppDelegate.m */ = {isa = PBXFileReference; lastKnownFileType = sourcecode.c.objc; path = LH_AppDelegate.m; sourceTree = "<group>"; };
		E15B29C01667BA9700E636E9 /* Default.png */ = {isa = PBXFileReference; lastKnownFileType = image.png; path = Default.png; sourceTree = "<group>"; };
		E15B29C21667BA9700E636E9 /* Default@2x.png */ = {isa = PBXFileReference; lastKnownFileType = image.png; path = "Default@2x.png"; sourceTree = "<group>"; };
		E15B29C41667BA9700E636E9 /* Default-568h@2x.png */ = {isa = PBXFileReference; lastKnownFileType = image.png; path = "Default-568h@2x.png"; sourceTree = "<group>"; };
		E15B29C71667BA9700E636E9 /* en */ = {isa = PBXFileReference; lastKnownFileType = file.storyboard; name = en; path = en.lproj/MainStoryboard_iPhone.storyboard; sourceTree = "<group>"; };
		E15B29CA1667BA9700E636E9 /* en */ = {isa = PBXFileReference; lastKnownFileType = file.storyboard; name = en; path = en.lproj/MainStoryboard_iPad.storyboard; sourceTree = "<group>"; };
		E15B29CC1667BA9700E636E9 /* LH_Joystick_ViewController.h */ = {isa = PBXFileReference; lastKnownFileType = sourcecode.c.h; path = LH_Joystick_ViewController.h; sourceTree = "<group>"; };
		E15B29CD1667BA9700E636E9 /* LH_Joystick_ViewController.m */ = {isa = PBXFileReference; lastKnownFileType = sourcecode.c.objc; path = LH_Joystick_ViewController.m; sourceTree = "<group>"; };
		E15B29CF1667BA9700E636E9 /* first.png */ = {isa = PBXFileReference; lastKnownFileType = image.png; path = first.png; sourceTree = "<group>"; };
		E15B29D11667BA9700E636E9 /* first@2x.png */ = {isa = PBXFileReference; lastKnownFileType = image.png; path = "first@2x.png"; sourceTree = "<group>"; };
		E15B29D31667BA9700E636E9 /* LH_Connection_ViewController.h */ = {isa = PBXFileReference; lastKnownFileType = sourcecode.c.h; path = LH_Connection_ViewController.h; sourceTree = "<group>"; };
		E15B29D41667BA9700E636E9 /* LH_Connection_ViewController.m */ = {isa = PBXFileReference; lastKnownFileType = sourcecode.c.objc; path = LH_Connection_ViewController.m; sourceTree = "<group>"; };
		E15B29D61667BA9700E636E9 /* second.png */ = {isa = PBXFileReference; lastKnownFileType = image.png; path = second.png; sourceTree = "<group>"; };
		E15B29D81667BA9700E636E9 /* second@2x.png */ = {isa = PBXFileReference; lastKnownFileType = image.png; path = "second@2x.png"; sourceTree = "<group>"; };
		E180A8F11668071C005DDD68 /* arrows_4.png */ = {isa = PBXFileReference; lastKnownFileType = image.png; path = arrows_4.png; sourceTree = "<group>"; };
		E180A8F3166808EB005DDD68 /* ball.png */ = {isa = PBXFileReference; lastKnownFileType = image.png; path = ball.png; sourceTree = "<group>"; };
		E1C81AC61669528D0024AA02 /* LH_Rosbridge.h */ = {isa = PBXFileReference; fileEncoding = 4; lastKnownFileType = sourcecode.c.h; path = LH_Rosbridge.h; sourceTree = "<group>"; };
		E1C81AC71669528D0024AA02 /* LH_Rosbridge.m */ = {isa = PBXFileReference; fileEncoding = 4; lastKnownFileType = sourcecode.c.objc; path = LH_Rosbridge.m; sourceTree = "<group>"; };
		E1E0A2861667FB16009B66F1 /* LH_WebSocket.h */ = {isa = PBXFileReference; fileEncoding = 4; lastKnownFileType = sourcecode.c.h; path = LH_WebSocket.h; sourceTree = "<group>"; };
		E1E0A2871667FB16009B66F1 /* LH_WebSocket.m */ = {isa = PBXFileReference; fileEncoding = 4; lastKnownFileType = sourcecode.c.objc; path = LH_WebSocket.m; sourceTree = "<group>"; };
/* End PBXFileReference section */

/* Begin PBXFrameworksBuildPhase section */
		E15B29A71667BA9700E636E9 /* Frameworks */ = {
			isa = PBXFrameworksBuildPhase;
			buildActionMask = 2147483647;
			files = (
				E15B29B31667BA9700E636E9 /* CoreGraphics.framework in Frameworks */,
				4243B8A91667C5B100190FED /* QuartzCore.framework in Frameworks */,
				4243B8A71667C57300190FED /* Security.framework in Frameworks */,
				4243B8A51667C56E00190FED /* CFNetwork.framework in Frameworks */,
				E15B29AF1667BA9700E636E9 /* UIKit.framework in Frameworks */,
				E15B29B11667BA9700E636E9 /* Foundation.framework in Frameworks */,
				4243B8A31667C52D00190FED /* libUnittWebSocketClient.a in Frameworks */,
			);
			runOnlyForDeploymentPostprocessing = 0;
		};
/* End PBXFrameworksBuildPhase section */

/* Begin PBXGroup section */
		4243B88D1667BFE100190FED /* Images */ = {
			isa = PBXGroup;
			children = (
				4204824F1668CF7000C5FF65 /* battery_indicator.png */,
				4204825F1668EB5600C5FF65 /* ekg.png */,
				420482601668EB5600C5FF65 /* ekg@2x.png */,
				420482571668E9FA00C5FF65 /* warning.png */,
				420482581668E9FA00C5FF65 /* warning@2x.png */,
				4243B8B81667C7A700190FED /* gear2.png */,
				4243B8B91667C7A700190FED /* gear2@2x.png */,
				4243B8B41667C78A00190FED /* controller.png */,
				4243B8B51667C78A00190FED /* controller@2x.png */,
				E180A8F3166808EB005DDD68 /* ball.png */,
				4243B8AA1667C69A00190FED /* connection.png */,
				E180A8F11668071C005DDD68 /* arrows_4.png */,
				4243B8AB1667C69A00190FED /* connection@2x.png */,
				E15B29CF1667BA9700E636E9 /* first.png */,
				E15B29D11667BA9700E636E9 /* first@2x.png */,
				E15B29D61667BA9700E636E9 /* second.png */,
				E15B29D81667BA9700E636E9 /* second@2x.png */,
			);
			name = Images;
			sourceTree = "<group>";
		};
		4243B8921667C52D00190FED /* UnittWebSocketClient */ = {
			isa = PBXGroup;
			children = (
				4243B8931667C52D00190FED /* Debug-iphoneos */,
			);
			path = UnittWebSocketClient;
			sourceTree = "<group>";
		};
		4243B8931667C52D00190FED /* Debug-iphoneos */ = {
			isa = PBXGroup;
			children = (
				4243B8941667C52D00190FED /* Headers */,
				4243B8A21667C52D00190FED /* libUnittWebSocketClient.a */,
			);
			path = "Debug-iphoneos";
			sourceTree = "<group>";
		};
		4243B8941667C52D00190FED /* Headers */ = {
			isa = PBXGroup;
			children = (
				4243B8951667C52D00190FED /* AsyncSocket.h */,
				4243B8961667C52D00190FED /* GCDAsyncSocket.h */,
				4243B8971667C52D00190FED /* HandshakeHeader.h */,
				4243B8981667C52D00190FED /* MutableQueue.h */,
				4243B8991667C52D00190FED /* NSData+Base64.h */,
				4243B89A1667C52D00190FED /* WebSocket.h */,
				4243B89B1667C52D00190FED /* WebSocket00.h */,
				4243B89C1667C52D00190FED /* WebSocket07.h */,
				4243B89D1667C52D00190FED /* WebSocket08.h */,
				4243B89E1667C52D00190FED /* WebSocket10.h */,
				4243B89F1667C52D00190FED /* WebSocketConnectConfig.h */,
				4243B8A01667C52D00190FED /* WebSocketFragment.h */,
				4243B8A11667C52D00190FED /* WebSocketMessage.h */,
			);
			path = Headers;
			sourceTree = "<group>";
		};
		E15B299F1667BA9700E636E9 = {
			isa = PBXGroup;
			children = (
				4281F54A1667FD5B0089D103 /* icon_goldborder_57px.png */,
				4281F54C1667FD670089D103 /* icon_goldborder_114px.png */,
				E15B29B41667BA9700E636E9 /* LH Remote */,
				E15B29AD1667BA9700E636E9 /* Frameworks */,
				E15B29AB1667BA9700E636E9 /* Products */,
			);
			sourceTree = "<group>";
		};
		E15B29AB1667BA9700E636E9 /* Products */ = {
			isa = PBXGroup;
			children = (
				E15B29AA1667BA9700E636E9 /* LH Remote.app */,
			);
			name = Products;
			sourceTree = "<group>";
		};
		E15B29AD1667BA9700E636E9 /* Frameworks */ = {
			isa = PBXGroup;
			children = (
				4243B8A81667C5B100190FED /* QuartzCore.framework */,
				4243B8A61667C57300190FED /* Security.framework */,
				4243B8A41667C56E00190FED /* CFNetwork.framework */,
				4243B8921667C52D00190FED /* UnittWebSocketClient */,
				E15B29AE1667BA9700E636E9 /* UIKit.framework */,
				E15B29B01667BA9700E636E9 /* Foundation.framework */,
				E15B29B21667BA9700E636E9 /* CoreGraphics.framework */,
			);
			name = Frameworks;
			sourceTree = "<group>";
		};
		E15B29B41667BA9700E636E9 /* LH Remote */ = {
			isa = PBXGroup;
			children = (
				E15B29BD1667BA9700E636E9 /* LH_AppDelegate.h */,
				E15B29BE1667BA9700E636E9 /* LH_AppDelegate.m */,
				E15B29C61667BA9700E636E9 /* MainStoryboard_iPhone.storyboard */,
				E15B29C91667BA9700E636E9 /* MainStoryboard_iPad.storyboard */,
				E15B29CC1667BA9700E636E9 /* LH_Joystick_ViewController.h */,
				E15B29CD1667BA9700E636E9 /* LH_Joystick_ViewController.m */,
				E15B29D31667BA9700E636E9 /* LH_Connection_ViewController.h */,
				E15B29D41667BA9700E636E9 /* LH_Connection_ViewController.m */,
				4243B8861667BF7E00190FED /* LH_Settings_ViewController.h */,
				4243B8871667BF7E00190FED /* LH_Settings_ViewController.m */,
				4243B88A1667BFAD00190FED /* LH_Status_ViewController.h */,
				4243B88B1667BFAE00190FED /* LH_Status_ViewController.m */,
				E1E0A2861667FB16009B66F1 /* LH_WebSocket.h */,
				E1E0A2871667FB16009B66F1 /* LH_WebSocket.m */,
				E1C81AC61669528D0024AA02 /* LH_Rosbridge.h */,
				E1C81AC71669528D0024AA02 /* LH_Rosbridge.m */,
				420482501668CF7000C5FF65 /* LH_ServerNamesViewController.h */,
				420482511668CF7000C5FF65 /* LH_ServerNamesViewController.m */,
				4243B88D1667BFE100190FED /* Images */,
				E15B29B51667BA9700E636E9 /* Supporting Files */,
				420482521668CF7000C5FF65 /* MySettings.plist */,
			);
			path = "LH Remote";
			sourceTree = "<group>";
		};
		E15B29B51667BA9700E636E9 /* Supporting Files */ = {
			isa = PBXGroup;
			children = (
				E15B29B61667BA9700E636E9 /* LH Remote-Info.plist */,
				E15B29B71667BA9700E636E9 /* InfoPlist.strings */,
				E15B29BA1667BA9700E636E9 /* main.m */,
				E15B29BC1667BA9700E636E9 /* LH Remote-Prefix.pch */,
				E15B29C01667BA9700E636E9 /* Default.png */,
				E15B29C21667BA9700E636E9 /* Default@2x.png */,
				E15B29C41667BA9700E636E9 /* Default-568h@2x.png */,
			);
			name = "Supporting Files";
			sourceTree = "<group>";
		};
/* End PBXGroup section */

/* Begin PBXNativeTarget section */
		E15B29A91667BA9700E636E9 /* LH Remote */ = {
			isa = PBXNativeTarget;
			buildConfigurationList = E15B29DC1667BA9700E636E9 /* Build configuration list for PBXNativeTarget "LH Remote" */;
			buildPhases = (
				E15B29A61667BA9700E636E9 /* Sources */,
				E15B29A71667BA9700E636E9 /* Frameworks */,
				E15B29A81667BA9700E636E9 /* Resources */,
			);
			buildRules = (
			);
			dependencies = (
			);
			name = "LH Remote";
			productName = "LH Remote";
			productReference = E15B29AA1667BA9700E636E9 /* LH Remote.app */;
			productType = "com.apple.product-type.application";
		};
/* End PBXNativeTarget section */

/* Begin PBXProject section */
		E15B29A11667BA9700E636E9 /* Project object */ = {
			isa = PBXProject;
			attributes = {
				CLASSPREFIX = LH_;
				LastUpgradeCheck = 0450;
				ORGANIZATIONNAME = AAU;
			};
			buildConfigurationList = E15B29A41667BA9700E636E9 /* Build configuration list for PBXProject "LH Remote" */;
			compatibilityVersion = "Xcode 3.2";
			developmentRegion = English;
			hasScannedForEncodings = 0;
			knownRegions = (
				en,
			);
			mainGroup = E15B299F1667BA9700E636E9;
			productRefGroup = E15B29AB1667BA9700E636E9 /* Products */;
			projectDirPath = "";
			projectRoot = "";
			targets = (
				E15B29A91667BA9700E636E9 /* LH Remote */,
			);
		};
/* End PBXProject section */

/* Begin PBXResourcesBuildPhase section */
		E15B29A81667BA9700E636E9 /* Resources */ = {
			isa = PBXResourcesBuildPhase;
			buildActionMask = 2147483647;
			files = (
				E15B29B91667BA9700E636E9 /* InfoPlist.strings in Resources */,
				E15B29C11667BA9700E636E9 /* Default.png in Resources */,
				E15B29C31667BA9700E636E9 /* Default@2x.png in Resources */,
				E15B29C51667BA9700E636E9 /* Default-568h@2x.png in Resources */,
				E15B29C81667BA9700E636E9 /* MainStoryboard_iPhone.storyboard in Resources */,
				E15B29CB1667BA9700E636E9 /* MainStoryboard_iPad.storyboard in Resources */,
				E15B29D01667BA9700E636E9 /* first.png in Resources */,
				E15B29D21667BA9700E636E9 /* first@2x.png in Resources */,
				E15B29D71667BA9700E636E9 /* second.png in Resources */,
				E15B29D91667BA9700E636E9 /* second@2x.png in Resources */,
				4243B8AC1667C69A00190FED /* connection.png in Resources */,
				4243B8AD1667C69A00190FED /* connection@2x.png in Resources */,
				4243B8B61667C78A00190FED /* controller.png in Resources */,
				4243B8B71667C78A00190FED /* controller@2x.png in Resources */,
				4243B8BA1667C7A700190FED /* gear2.png in Resources */,
				4243B8BB1667C7A700190FED /* gear2@2x.png in Resources */,
				4281F54B1667FD5B0089D103 /* icon_goldborder_57px.png in Resources */,
				4281F54D1667FD670089D103 /* icon_goldborder_114px.png in Resources */,
				E180A8F21668071C005DDD68 /* arrows_4.png in Resources */,
				E180A8F4166808EB005DDD68 /* ball.png in Resources */,
				420482531668CF7000C5FF65 /* battery_indicator.png in Resources */,
				420482551668CF7000C5FF65 /* MySettings.plist in Resources */,
				420482591668E9FA00C5FF65 /* warning.png in Resources */,
				4204825A1668E9FA00C5FF65 /* warning@2x.png in Resources */,
				420482611668EB5600C5FF65 /* ekg.png in Resources */,
				420482621668EB5600C5FF65 /* ekg@2x.png in Resources */,
			);
			runOnlyForDeploymentPostprocessing = 0;
		};
/* End PBXResourcesBuildPhase section */

/* Begin PBXSourcesBuildPhase section */
		E15B29A61667BA9700E636E9 /* Sources */ = {
			isa = PBXSourcesBuildPhase;
			buildActionMask = 2147483647;
			files = (
				E15B29BB1667BA9700E636E9 /* main.m in Sources */,
				E15B29BF1667BA9700E636E9 /* LH_AppDelegate.m in Sources */,
				E15B29CE1667BA9700E636E9 /* LH_Joystick_ViewController.m in Sources */,
				E15B29D51667BA9700E636E9 /* LH_Connection_ViewController.m in Sources */,
				4243B8881667BF7E00190FED /* LH_Settings_ViewController.m in Sources */,
				4243B88C1667BFAE00190FED /* LH_Status_ViewController.m in Sources */,
				E1E0A2881667FB16009B66F1 /* LH_WebSocket.m in Sources */,
				420482541668CF7000C5FF65 /* LH_ServerNamesViewController.m in Sources */,
				E1C81AC81669528D0024AA02 /* LH_Rosbridge.m in Sources */,
			);
			runOnlyForDeploymentPostprocessing = 0;
		};
/* End PBXSourcesBuildPhase section */

/* Begin PBXVariantGroup section */
		E15B29B71667BA9700E636E9 /* InfoPlist.strings */ = {
			isa = PBXVariantGroup;
			children = (
				E15B29B81667BA9700E636E9 /* en */,
			);
			name = InfoPlist.strings;
			sourceTree = "<group>";
		};
		E15B29C61667BA9700E636E9 /* MainStoryboard_iPhone.storyboard */ = {
			isa = PBXVariantGroup;
			children = (
				E15B29C71667BA9700E636E9 /* en */,
			);
			name = MainStoryboard_iPhone.storyboard;
			sourceTree = "<group>";
		};
		E15B29C91667BA9700E636E9 /* MainStoryboard_iPad.storyboard */ = {
			isa = PBXVariantGroup;
			children = (
				E15B29CA1667BA9700E636E9 /* en */,
			);
			name = MainStoryboard_iPad.storyboard;
			sourceTree = "<group>";
		};
/* End PBXVariantGroup section */

/* Begin XCBuildConfiguration section */
		E15B29DA1667BA9700E636E9 /* Debug */ = {
			isa = XCBuildConfiguration;
			buildSettings = {
				ALWAYS_SEARCH_USER_PATHS = NO;
				CLANG_CXX_LANGUAGE_STANDARD = "gnu++0x";
				CLANG_CXX_LIBRARY = "libc++";
				CLANG_ENABLE_OBJC_ARC = YES;
				CLANG_WARN_EMPTY_BODY = YES;
				CLANG_WARN__DUPLICATE_METHOD_MATCH = YES;
				"CODE_SIGN_IDENTITY[sdk=iphoneos*]" = "iPhone Developer";
				COPY_PHASE_STRIP = NO;
				GCC_C_LANGUAGE_STANDARD = gnu99;
				GCC_DYNAMIC_NO_PIC = NO;
				GCC_OPTIMIZATION_LEVEL = 0;
				GCC_PREPROCESSOR_DEFINITIONS = (
					"DEBUG=1",
					"$(inherited)",
				);
				GCC_SYMBOLS_PRIVATE_EXTERN = NO;
				GCC_WARN_ABOUT_RETURN_TYPE = YES;
				GCC_WARN_UNINITIALIZED_AUTOS = YES;
				GCC_WARN_UNUSED_VARIABLE = YES;
				IPHONEOS_DEPLOYMENT_TARGET = 6.0;
				ONLY_ACTIVE_ARCH = YES;
				SDKROOT = iphoneos;
				TARGETED_DEVICE_FAMILY = "1,2";
			};
			name = Debug;
		};
		E15B29DB1667BA9700E636E9 /* Release */ = {
			isa = XCBuildConfiguration;
			buildSettings = {
				ALWAYS_SEARCH_USER_PATHS = NO;
				CLANG_CXX_LANGUAGE_STANDARD = "gnu++0x";
				CLANG_CXX_LIBRARY = "libc++";
				CLANG_ENABLE_OBJC_ARC = YES;
				CLANG_WARN_EMPTY_BODY = YES;
				CLANG_WARN__DUPLICATE_METHOD_MATCH = YES;
				"CODE_SIGN_IDENTITY[sdk=iphoneos*]" = "iPhone Developer";
				COPY_PHASE_STRIP = YES;
				GCC_C_LANGUAGE_STANDARD = gnu99;
				GCC_WARN_ABOUT_RETURN_TYPE = YES;
				GCC_WARN_UNINITIALIZED_AUTOS = YES;
				GCC_WARN_UNUSED_VARIABLE = YES;
				IPHONEOS_DEPLOYMENT_TARGET = 6.0;
				OTHER_CFLAGS = "-DNS_BLOCK_ASSERTIONS=1";
				SDKROOT = iphoneos;
				TARGETED_DEVICE_FAMILY = "1,2";
				VALIDATE_PRODUCT = YES;
			};
			name = Release;
		};
		E15B29DD1667BA9700E636E9 /* Debug */ = {
			isa = XCBuildConfiguration;
			buildSettings = {
				GCC_PRECOMPILE_PREFIX_HEADER = YES;
				GCC_PREFIX_HEADER = "LH Remote/LH Remote-Prefix.pch";
				INFOPLIST_FILE = "LH Remote/LH Remote-Info.plist";
				LIBRARY_SEARCH_PATHS = (
					"$(inherited)",
					"\"$(SRCROOT)/UnittWebSocketClient/Debug-iphoneos\"",
				);
				OTHER_LDFLAGS = "-all_load";
				PRODUCT_NAME = "$(TARGET_NAME)";
				WRAPPER_EXTENSION = app;
			};
			name = Debug;
		};
		E15B29DE1667BA9700E636E9 /* Release */ = {
			isa = XCBuildConfiguration;
			buildSettings = {
				GCC_PRECOMPILE_PREFIX_HEADER = YES;
				GCC_PREFIX_HEADER = "LH Remote/LH Remote-Prefix.pch";
				INFOPLIST_FILE = "LH Remote/LH Remote-Info.plist";
				LIBRARY_SEARCH_PATHS = (
					"$(inherited)",
					"\"$(SRCROOT)/UnittWebSocketClient/Debug-iphoneos\"",
				);
				OTHER_LDFLAGS = "-all_load";
				PRODUCT_NAME = "$(TARGET_NAME)";
				WRAPPER_EXTENSION = app;
			};
			name = Release;
		};
/* End XCBuildConfiguration section */

/* Begin XCConfigurationList section */
		E15B29A41667BA9700E636E9 /* Build configuration list for PBXProject "LH Remote" */ = {
			isa = XCConfigurationList;
			buildConfigurations = (
				E15B29DA1667BA9700E636E9 /* Debug */,
				E15B29DB1667BA9700E636E9 /* Release */,
			);
			defaultConfigurationIsVisible = 0;
			defaultConfigurationName = Release;
		};
		E15B29DC1667BA9700E636E9 /* Build configuration list for PBXNativeTarget "LH Remote" */ = {
			isa = XCConfigurationList;
			buildConfigurations = (
				E15B29DD1667BA9700E636E9 /* Debug */,
				E15B29DE1667BA9700E636E9 /* Release */,
			);
			defaultConfigurationIsVisible = 0;
			defaultConfigurationName = Release;
		};
/* End XCConfigurationList section */
	};
	rootObject = E15B29A11667BA9700E636E9 /* Project object */;
}
